{
  "version": 4,
  "terraform_version": "0.12.24",
  "serial": 1,
  "lineage": "914cf052-5d40-0f98-7198-4931dcfe799c",
  "outputs": {},
  "resources": [
    {
      "mode": "managed",
      "type": "aws_vpc",
      "name": "myvpc",
      "provider": "provider.aws",
      "instances": [
        {
          "schema_version": 1,
          "attributes": {
            "arn": "arn:aws:ec2:eu-west-2:047117808057:vpc/vpc-08b2b0b49f45f610b",
            "assign_generated_ipv6_cidr_block": false,
            "cidr_block": "10.0.0.0/16",
            "default_network_acl_id": "acl-09b4900458f292d47",
            "default_route_table_id": "rtb-04a797e26902fb51e",
            "default_security_group_id": "sg-0f760809079b94e27",
            "dhcp_options_id": "dopt-f8d8f090",
            "enable_classiclink": null,
            "enable_classiclink_dns_support": null,
            "enable_dns_hostnames": false,
            "enable_dns_support": true,
            "id": "vpc-08b2b0b49f45f610b",
            "instance_tenancy": "default",
            "ipv6_association_id": "",
            "ipv6_cidr_block": "",
            "main_route_table_id": "rtb-04a797e26902fb51e",
            "owner_id": "047117808057",
            "tags": null,
            "tags_all": {}
          },
          "private": "eyJzY2hlbWFfdmVyc2lvbiI6IjEifQ=="
        }
      ]
    }
  ]
}
