{
  "version": 4,
  "terraform_version": "0.12.24",
  "serial": 2,
  "lineage": "92633f5d-0ce6-3092-74c9-a463b5b639c2",
  "outputs": {
    "vpcID": {
      "value": "vpc-0167aa3212aaab3ae",
      "type": "string"
    }
  },
  "resources": [
    {
      "mode": "managed",
      "type": "aws_vpc",
      "name": "myvpc",
      "provider": "provider.aws",
      "instances": [
        {
          "schema_version": 1,
          "attributes": {
            "arn": "arn:aws:ec2:eu-west-2:047117808057:vpc/vpc-0167aa3212aaab3ae",
            "assign_generated_ipv6_cidr_block": false,
            "cidr_block": "10.0.0.0/16",
            "default_network_acl_id": "acl-0a23720691f22651b",
            "default_route_table_id": "rtb-04f0022453f078a85",
            "default_security_group_id": "sg-031f1077e5f6e8acb",
            "dhcp_options_id": "dopt-f8d8f090",
            "enable_classiclink": null,
            "enable_classiclink_dns_support": null,
            "enable_dns_hostnames": false,
            "enable_dns_support": true,
            "id": "vpc-0167aa3212aaab3ae",
            "instance_tenancy": "default",
            "ipv6_association_id": "",
            "ipv6_cidr_block": "",
            "main_route_table_id": "rtb-04f0022453f078a85",
            "owner_id": "047117808057",
            "tags": {
              "Name": "oed vpc"
            },
            "tags_all": {
              "Name": "oed vpc"
            }
          },
          "private": "eyJzY2hlbWFfdmVyc2lvbiI6IjEifQ=="
        }
      ]
    }
  ]
}
